
Microsoft Visual Studio Solution File, Format Version 12.00
# Visual Studio 15
VisualStudioVersion = 15.0.26403.7
MinimumVisualStudioVersion = 10.0.40219.1
Project("{FAE04EC0-301F-11D3-BF4B-00C04F79EFBC}") = "人脸识别", "人脸识别\人脸识别.csproj", "{EAE6BD0E-3140-4133-9848-F6BD93911B7C}"
EndProject
Project("{FAE04EC0-301F-11D3-BF4B-00C04F79EFBC}") = "文字识别", "文字识别\文字识别.csproj", "{0969B024-6045-45A6-8ADF-45B7BB485245}"
EndProject
Global
	GlobalSection(SolutionConfigurationPlatforms) = preSolution
		Debug|Any CPU = Debug|Any CPU
		Release|Any CPU = Release|Any CPU
	EndGlobalSection
	GlobalSection(ProjectConfigurationPlatforms) = postSolution
		{EAE6BD0E-3140-4133-9848-F6BD93911B7C}.Debug|Any CPU.ActiveCfg = Debug|Any CPU
		{EAE6BD0E-3140-4133-9848-F6BD93911B7C}.Debug|Any CPU.Build.0 = Debug|Any CPU
		{EAE6BD0E-3140-4133-9848-F6BD93911B7C}.Release|Any CPU.ActiveCfg = Release|Any CPU
		{EAE6BD0E-3140-4133-9848-F6BD93911B7C}.Release|Any CPU.Build.0 = Release|Any CPU
		{0969B024-6045-45A6-8ADF-45B7BB485245}.Debug|Any CPU.ActiveCfg = Debug|Any CPU
		{0969B024-6045-45A6-8ADF-45B7BB485245}.Debug|Any CPU.Build.0 = Debug|Any CPU
		{0969B024-6045-45A6-8ADF-45B7BB485245}.Release|Any CPU.ActiveCfg = Release|Any CPU
		{0969B024-6045-45A6-8ADF-45B7BB485245}.Release|Any CPU.Build.0 = Release|Any CPU
	EndGlobalSection
	GlobalSection(SolutionProperties) = preSolution
		HideSolutionNode = FALSE
	EndGlobalSection
EndGlobal
